
Microsoft Visual Studio Solution File, Format Version 12.00
# Visual Studio Version 16
VisualStudioVersion = 16.0.32413.511
MinimumVisualStudioVersion = 10.0.40219.1
Project("{9A19103F-16F7-4668-BE54-9A1E7A4F7556}") = "VirtualParty", "VirtualParty\VirtualParty.csproj", "{09771144-59DD-472D-9691-16C89D226830}"
EndProject
Global
	GlobalSection(SolutionConfigurationPlatforms) = preSolution
		Debug|Any CPU = Debug|Any CPU
		Release|Any CPU = Release|Any CPU
	EndGlobalSection
	GlobalSection(ProjectConfigurationPlatforms) = postSolution
		{09771144-59DD-472D-9691-16C89D226830}.Debug|Any CPU.ActiveCfg = Debug|Any CPU
		{09771144-59DD-472D-9691-16C89D226830}.Debug|Any CPU.Build.0 = Debug|Any CPU
		{09771144-59DD-472D-9691-16C89D226830}.Release|Any CPU.ActiveCfg = Release|Any CPU
		{09771144-59DD-472D-9691-16C89D226830}.Release|Any CPU.Build.0 = Release|Any CPU
	EndGlobalSection
	GlobalSection(SolutionProperties) = preSolution
		HideSolutionNode = FALSE
	EndGlobalSection
	GlobalSection(ExtensibilityGlobals) = postSolution
		SolutionGuid = {77E2F985-02BB-4358-9EAB-DEEB5B702F0E}
	EndGlobalSection
EndGlobal
